
Microsoft Visual Studio Solution File, Format Version 12.00
# Visual Studio Version 17
VisualStudioVersion = 17.11.35222.181
MinimumVisualStudioVersion = 10.0.40219.1
Project("{FAE04EC0-301F-11D3-BF4B-00C04F79EFBC}") = "osemkowy", "osemkowy\osemkowy.csproj", "{765435FD-FC5A-48A3-BD8E-EA48FD930278}"
EndProject
Global
	GlobalSection(SolutionConfigurationPlatforms) = preSolution
		Debug|Any CPU = Debug|Any CPU
		Release|Any CPU = Release|Any CPU
	EndGlobalSection
	GlobalSection(ProjectConfigurationPlatforms) = postSolution
		{765435FD-FC5A-48A3-BD8E-EA48FD930278}.Debug|Any CPU.ActiveCfg = Debug|Any CPU
		{765435FD-FC5A-48A3-BD8E-EA48FD930278}.Debug|Any CPU.Build.0 = Debug|Any CPU
		{765435FD-FC5A-48A3-BD8E-EA48FD930278}.Release|Any CPU.ActiveCfg = Release|Any CPU
		{765435FD-FC5A-48A3-BD8E-EA48FD930278}.Release|Any CPU.Build.0 = Release|Any CPU
	EndGlobalSection
	GlobalSection(SolutionProperties) = preSolution
		HideSolutionNode = FALSE
	EndGlobalSection
	GlobalSection(ExtensibilityGlobals) = postSolution
		SolutionGuid = {A6E6042A-1875-451D-AE22-DBD2A5262CA5}
	EndGlobalSection
EndGlobal
